# THIS IS AN AUTOGENERATED FILE. DO NOT EDIT THIS FILE DIRECTLY.
# yarn lockfile v1


commander@^2.20.0:
  version "2.20.3"
  resolved "https://registry.yarnpkg.com/commander/-/commander-2.20.3.tgz#fd485e84c03eb4881c20722ba48035e8531aeb33"
  integrity sha512-GpVkmM8vF2vQUkj2LvZmD35JxeJOLCwJ9cUkugyk2nuhbv3+mJvpLYYt+0+USMxE+oj+ey/lJEnhZw75x/OMcQ==

executioner@^2.0.1:
  version "2.0.1"
  resolved "https://registry.yarnpkg.com/executioner/-/executioner-2.0.1.tgz#add328e03bc45dd598f358fbb529fc0be0ec6fcd"
  integrity sha512-idZAlKsxEZASjaIqP4PQ1txyS1bOcDwWCHy/8p5oMmLGV0XNCQPD6WWAOwJCUVsWItWzAN2BEash5N78PliaIw==
  dependencies:
    mixly "^1.0.0"

fulcon@^1.0.1:
  version "1.0.2"
  resolved "https://registry.yarnpkg.com/fulcon/-/fulcon-1.0.2.tgz#8a4dfda4c73fcd9cc62a79d5045c392b45547320"
  integrity sha512-vYwUBqbdo9XK0NmN7cFmURmy2T1YHpEsTCbxGO3aErxx6a0Z/HkWXcqcPkk7yOuJ74mSAHGWGBSBBd6v3GKebA==

install-peers-cli@^2.2.0:
  version "2.2.0"
  resolved "https://registry.yarnpkg.com/install-peers-cli/-/install-peers-cli-2.2.0.tgz#f76f1ec8ac9fa7f920c05743e011554edad85f8d"
  integrity sha512-scSNvF49HDOLNm2xLFwST23g/OvfsceiA087bcGBgZP/ZNCrvpSaCn5IrWNZ2XYmFFykXF/6J1Zgm+D/JgRgtA==
  dependencies:
    commander "^2.20.0"
    executioner "^2.0.1"

mixly@^1.0.0:
  version "1.0.0"
  resolved "https://registry.yarnpkg.com/mixly/-/mixly-1.0.0.tgz#9b5a2e1f63e6dfba0d30e6797ffae62ab1dc24ef"
  integrity sha512-ks+xIMVeIDwuYK4LnOMXTfmiEI8oo3tFNFirpHd60C4r2H0wMwKN5/qHCrFBKFK+BYx2Gp7qs+evUJw7QO9D2w==
  dependencies:
    fulcon "^1.0.1"

prettier@^2.3.2:
  version "2.8.7"
  resolved "https://registry.yarnpkg.com/prettier/-/prettier-2.8.7.tgz#bb79fc8729308549d28fe3a98fce73d2c0656450"
  integrity sha512-yPngTo3aXUUmyuTjeTUT75txrf+aMh9FiD7q9ZE/i6r0bPb22g4FsE6Y338PQX1bmfy08i9QQCB7/rcUAVntfw==

typescript@^4.3.5:
  version "4.9.5"
  resolved "https://registry.yarnpkg.com/typescript/-/typescript-4.9.5.tgz#095979f9bcc0d09da324d58d03ce8f8374cbe65a"
  integrity sha512-1FXk9E2Hm+QzZQ7z+McJiHL4NW1F2EzMu9Nq9i3zAaGqibafqYwCVU6WyWAuyQRRzOlxou8xZSyXLEN8oKj24g==
